// !$*UTF8*$!
{
	archiveVersion = 1;
	classes = {
	};
	objectVersion = 52;
	objects = {

/* Begin PBXBuildFile section */
		55ED9396234D1C7B00809F9B /* AppDelegate.swift in Sources */ = {isa = PBXBuildFile; fileRef = 55ED9395234D1C7B00809F9B /* AppDelegate.swift */; };
		55ED9398234D1C7B00809F9B /* SceneDelegate.swift in Sources */ = {isa = PBXBuildFile; fileRef = 55ED9397234D1C7B00809F9B /* SceneDelegate.swift */; };
		55ED939A234D1C7B00809F9B /* ContentView.swift in Sources */ = {isa = PBXBuildFile; fileRef = 55ED9399234D1C7B00809F9B /* ContentView.swift */; };
		55ED939C234D1C7C00809F9B /* Assets.xcassets in Resources */ = {isa = PBXBuildFile; fileRef = 55ED939B234D1C7C00809F9B /* Assets.xcassets */; };
		55ED939F234D1C7C00809F9B /* Preview Assets.xcassets in Resources */ = {isa = PBXBuildFile; fileRef = 55ED939E234D1C7C00809F9B /* Preview Assets.xcassets */; };
		55ED93A2234D1C7C00809F9B /* LaunchScreen.storyboard in Resources */ = {isa = PBXBuildFile; fileRef = 55ED93A0234D1C7C00809F9B /* LaunchScreen.storyboard */; };
		55ED93AF234D292100809F9B /* ContentItemView.swift in Sources */ = {isa = PBXBuildFile; fileRef = 55ED93AE234D292100809F9B /* ContentItemView.swift */; };
		55ED93B2234D2A2F00809F9B /* KingfisherSwiftUI in Frameworks */ = {isa = PBXBuildFile; productRef = 55ED93B1234D2A2F00809F9B /* KingfisherSwiftUI */; };
		55ED93B4234D2A5400809F9B /* UserModel.swift in Sources */ = {isa = PBXBuildFile; fileRef = 55ED93B3234D2A5400809F9B /* UserModel.swift */; };
		55ED93B6234E23E600809F9B /* Picture.swift in Sources */ = {isa = PBXBuildFile; fileRef = 55ED93B5234E23E600809F9B /* Picture.swift */; };
		55ED93B8234E23FE00809F9B /* Name.swift in Sources */ = {isa = PBXBuildFile; fileRef = 55ED93B7234E23FE00809F9B /* Name.swift */; };
		55ED93BA234E243D00809F9B /* Users.swift in Sources */ = {isa = PBXBuildFile; fileRef = 55ED93B9234E243D00809F9B /* Users.swift */; };
		55ED93BC234E283300809F9B /* UsersViewModel.swift in Sources */ = {isa = PBXBuildFile; fileRef = 55ED93BB234E283300809F9B /* UsersViewModel.swift */; };
/* End PBXBuildFile section */

/* Begin PBXFileReference section */
		55ED9392234D1C7B00809F9B /* SwiftUi with combine demo.app */ = {isa = PBXFileReference; explicitFileType = wrapper.application; includeInIndex = 0; path = "SwiftUi with combine demo.app"; sourceTree = BUILT_PRODUCTS_DIR; };
		55ED9395234D1C7B00809F9B /* AppDelegate.swift */ = {isa = PBXFileReference; lastKnownFileType = sourcecode.swift; path = AppDelegate.swift; sourceTree = "<group>"; };
		55ED9397234D1C7B00809F9B /* SceneDelegate.swift */ = {isa = PBXFileReference; lastKnownFileType = sourcecode.swift; path = SceneDelegate.swift; sourceTree = "<group>"; };
		55ED9399234D1C7B00809F9B /* ContentView.swift */ = {isa = PBXFileReference; lastKnownFileType = sourcecode.swift; path = ContentView.swift; sourceTree = "<group>"; };
		55ED939B234D1C7C00809F9B /* Assets.xcassets */ = {isa = PBXFileReference; lastKnownFileType = folder.assetcatalog; path = Assets.xcassets; sourceTree = "<group>"; };
		55ED939E234D1C7C00809F9B /* Preview Assets.xcassets */ = {isa = PBXFileReference; lastKnownFileType = folder.assetcatalog; path = "Preview Assets.xcassets"; sourceTree = "<group>"; };
		55ED93A1234D1C7C00809F9B /* Base */ = {isa = PBXFileReference; lastKnownFileType = file.storyboard; name = Base; path = Base.lproj/LaunchScreen.storyboard; sourceTree = "<group>"; };
		55ED93A3234D1C7C00809F9B /* Info.plist */ = {isa = PBXFileReference; lastKnownFileType = text.plist.xml; path = Info.plist; sourceTree = "<group>"; };
		55ED93AE234D292100809F9B /* ContentItemView.swift */ = {isa = PBXFileReference; lastKnownFileType = sourcecode.swift; path = ContentItemView.swift; sourceTree = "<group>"; };
		55ED93B3234D2A5400809F9B /* UserModel.swift */ = {isa = PBXFileReference; lastKnownFileType = sourcecode.swift; path = UserModel.swift; sourceTree = "<group>"; };
		55ED93B5234E23E600809F9B /* Picture.swift */ = {isa = PBXFileReference; lastKnownFileType = sourcecode.swift; path = Picture.swift; sourceTree = "<group>"; };
		55ED93B7234E23FE00809F9B /* Name.swift */ = {isa = PBXFileReference; lastKnownFileType = sourcecode.swift; path = Name.swift; sourceTree = "<group>"; };
		55ED93B9234E243D00809F9B /* Users.swift */ = {isa = PBXFileReference; lastKnownFileType = sourcecode.swift; path = Users.swift; sourceTree = "<group>"; };
		55ED93BB234E283300809F9B /* UsersViewModel.swift */ = {isa = PBXFileReference; lastKnownFileType = sourcecode.swift; path = UsersViewModel.swift; sourceTree = "<group>"; };
/* End PBXFileReference section */

/* Begin PBXFrameworksBuildPhase section */
		55ED938F234D1C7B00809F9B /* Frameworks */ = {
			isa = PBXFrameworksBuildPhase;
			buildActionMask = 2147483647;
			files = (
				55ED93B2234D2A2F00809F9B /* KingfisherSwiftUI in Frameworks */,
			);
			runOnlyForDeploymentPostprocessing = 0;
		};
/* End PBXFrameworksBuildPhase section */

/* Begin PBXGroup section */
		55ED9389234D1C7B00809F9B = {
			isa = PBXGroup;
			children = (
				55ED9394234D1C7B00809F9B /* SwiftUi with combine demo */,
				55ED9393234D1C7B00809F9B /* Products */,
			);
			sourceTree = "<group>";
		};
		55ED9393234D1C7B00809F9B /* Products */ = {
			isa = PBXGroup;
			children = (
				55ED9392234D1C7B00809F9B /* SwiftUi with combine demo.app */,
			);
			name = Products;
			sourceTree = "<group>";
		};
		55ED9394234D1C7B00809F9B /* SwiftUi with combine demo */ = {
			isa = PBXGroup;
			children = (
				55ED93AD234D231A00809F9B /* viewmodels */,
				55ED93AC234D231100809F9B /* models */,
				55ED93AB234D22E900809F9B /* uiClasses */,
				55ED9395234D1C7B00809F9B /* AppDelegate.swift */,
				55ED9397234D1C7B00809F9B /* SceneDelegate.swift */,
				55ED939B234D1C7C00809F9B /* Assets.xcassets */,
				55ED93A0234D1C7C00809F9B /* LaunchScreen.storyboard */,
				55ED93A3234D1C7C00809F9B /* Info.plist */,
				55ED939D234D1C7C00809F9B /* Preview Content */,
			);
			path = "SwiftUi with combine demo";
			sourceTree = "<group>";
		};
		55ED939D234D1C7C00809F9B /* Preview Content */ = {
			isa = PBXGroup;
			children = (
				55ED939E234D1C7C00809F9B /* Preview Assets.xcassets */,
			);
			path = "Preview Content";
			sourceTree = "<group>";
		};
		55ED93AB234D22E900809F9B /* uiClasses */ = {
			isa = PBXGroup;
			children = (
				55ED9399234D1C7B00809F9B /* ContentView.swift */,
				55ED93AE234D292100809F9B /* ContentItemView.swift */,
			);
			path = uiClasses;
			sourceTree = "<group>";
		};
		55ED93AC234D231100809F9B /* models */ = {
			isa = PBXGroup;
			children = (
				55ED93B3234D2A5400809F9B /* UserModel.swift */,
				55ED93B5234E23E600809F9B /* Picture.swift */,
				55ED93B7234E23FE00809F9B /* Name.swift */,
				55ED93B9234E243D00809F9B /* Users.swift */,
			);
			path = models;
			sourceTree = "<group>";
		};
		55ED93AD234D231A00809F9B /* viewmodels */ = {
			isa = PBXGroup;
			children = (
				55ED93BB234E283300809F9B /* UsersViewModel.swift */,
			);
			path = viewmodels;
			sourceTree = "<group>";
		};
/* End PBXGroup section */

/* Begin PBXNativeTarget section */
		55ED9391234D1C7B00809F9B /* SwiftUi with combine demo */ = {
			isa = PBXNativeTarget;
			buildConfigurationList = 55ED93A6234D1C7C00809F9B /* Build configuration list for PBXNativeTarget "SwiftUi with combine demo" */;
			buildPhases = (
				55ED938E234D1C7B00809F9B /* Sources */,
				55ED938F234D1C7B00809F9B /* Frameworks */,
				55ED9390234D1C7B00809F9B /* Resources */,
			);
			buildRules = (
			);
			dependencies = (
			);
			name = "SwiftUi with combine demo";
			packageProductDependencies = (
				55ED93B1234D2A2F00809F9B /* KingfisherSwiftUI */,
			);
			productName = "SwiftUi with combine demo";
			productReference = 55ED9392234D1C7B00809F9B /* SwiftUi with combine demo.app */;
			productType = "com.apple.product-type.application";
		};
/* End PBXNativeTarget section */

/* Begin PBXProject section */
		55ED938A234D1C7B00809F9B /* Project object */ = {
			isa = PBXProject;
			attributes = {
				LastSwiftUpdateCheck = 1110;
				LastUpgradeCheck = 1110;
				ORGANIZATIONNAME = "kushal dave";
				TargetAttributes = {
					55ED9391234D1C7B00809F9B = {
						CreatedOnToolsVersion = 11.1;
					};
				};
			};
			buildConfigurationList = 55ED938D234D1C7B00809F9B /* Build configuration list for PBXProject "SwiftUi with combine demo" */;
			compatibilityVersion = "Xcode 9.3";
			developmentRegion = en;
			hasScannedForEncodings = 0;
			knownRegions = (
				en,
				Base,
			);
			mainGroup = 55ED9389234D1C7B00809F9B;
			packageReferences = (
				55ED93B0234D2A2F00809F9B /* XCRemoteSwiftPackageReference "Kingfisher" */,
			);
			productRefGroup = 55ED9393234D1C7B00809F9B /* Products */;
			projectDirPath = "";
			projectRoot = "";
			targets = (
				55ED9391234D1C7B00809F9B /* SwiftUi with combine demo */,
			);
		};
/* End PBXProject section */

/* Begin PBXResourcesBuildPhase section */
		55ED9390234D1C7B00809F9B /* Resources */ = {
			isa = PBXResourcesBuildPhase;
			buildActionMask = 2147483647;
			files = (
				55ED93A2234D1C7C00809F9B /* LaunchScreen.storyboard in Resources */,
				55ED939F234D1C7C00809F9B /* Preview Assets.xcassets in Resources */,
				55ED939C234D1C7C00809F9B /* Assets.xcassets in Resources */,
			);
			runOnlyForDeploymentPostprocessing = 0;
		};
/* End PBXResourcesBuildPhase section */

/* Begin PBXSourcesBuildPhase section */
		55ED938E234D1C7B00809F9B /* Sources */ = {
			isa = PBXSourcesBuildPhase;
			buildActionMask = 2147483647;
			files = (
				55ED93BA234E243D00809F9B /* Users.swift in Sources */,
				55ED93B6234E23E600809F9B /* Picture.swift in Sources */,
				55ED9396234D1C7B00809F9B /* AppDelegate.swift in Sources */,
				55ED93AF234D292100809F9B /* ContentItemView.swift in Sources */,
				55ED9398234D1C7B00809F9B /* SceneDelegate.swift in Sources */,
				55ED93B4234D2A5400809F9B /* UserModel.swift in Sources */,
				55ED93B8234E23FE00809F9B /* Name.swift in Sources */,
				55ED93BC234E283300809F9B /* UsersViewModel.swift in Sources */,
				55ED939A234D1C7B00809F9B /* ContentView.swift in Sources */,
			);
			runOnlyForDeploymentPostprocessing = 0;
		};
/* End PBXSourcesBuildPhase section */

/* Begin PBXVariantGroup section */
		55ED93A0234D1C7C00809F9B /* LaunchScreen.storyboard */ = {
			isa = PBXVariantGroup;
			children = (
				55ED93A1234D1C7C00809F9B /* Base */,
			);
			name = LaunchScreen.storyboard;
			sourceTree = "<group>";
		};
/* End PBXVariantGroup section */

/* Begin XCBuildConfiguration section */
		55ED93A4234D1C7C00809F9B /* Debug */ = {
			isa = XCBuildConfiguration;
			buildSettings = {
				ALWAYS_SEARCH_USER_PATHS = NO;
				CLANG_ANALYZER_NONNULL = YES;
				CLANG_ANALYZER_NUMBER_OBJECT_CONVERSION = YES_AGGRESSIVE;
				CLANG_CXX_LANGUAGE_STANDARD = "gnu++14";
				CLANG_CXX_LIBRARY = "libc++";
				CLANG_ENABLE_MODULES = YES;
				CLANG_ENABLE_OBJC_ARC = YES;
				CLANG_ENABLE_OBJC_WEAK = YES;
				CLANG_WARN_BLOCK_CAPTURE_AUTORELEASING = YES;
				CLANG_WARN_BOOL_CONVERSION = YES;
				CLANG_WARN_COMMA = YES;
				CLANG_WARN_CONSTANT_CONVERSION = YES;
				CLANG_WARN_DEPRECATED_OBJC_IMPLEMENTATIONS = YES;
				CLANG_WARN_DIRECT_OBJC_ISA_USAGE = YES_ERROR;
				CLANG_WARN_DOCUMENTATION_COMMENTS = YES;
				CLANG_WARN_EMPTY_BODY = YES;
				CLANG_WARN_ENUM_CONVERSION = YES;
				CLANG_WARN_INFINITE_RECURSION = YES;
				CLANG_WARN_INT_CONVERSION = YES;
				CLANG_WARN_NON_LITERAL_NULL_CONVERSION = YES;
				CLANG_WARN_OBJC_IMPLICIT_RETAIN_SELF = YES;
				CLANG_WARN_OBJC_LITERAL_CONVERSION = YES;
				CLANG_WARN_OBJC_ROOT_CLASS = YES_ERROR;
				CLANG_WARN_RANGE_LOOP_ANALYSIS = YES;
				CLANG_WARN_STRICT_PROTOTYPES = YES;
				CLANG_WARN_SUSPICIOUS_MOVE = YES;
				CLANG_WARN_UNGUARDED_AVAILABILITY = YES_AGGRESSIVE;
				CLANG_WARN_UNREACHABLE_CODE = YES;
				CLANG_WARN__DUPLICATE_METHOD_MATCH = YES;
				COPY_PHASE_STRIP = NO;
				DEBUG_INFORMATION_FORMAT = dwarf;
				ENABLE_STRICT_OBJC_MSGSEND = YES;
				ENABLE_TESTABILITY = YES;
				GCC_C_LANGUAGE_STANDARD = gnu11;
				GCC_DYNAMIC_NO_PIC = NO;
				GCC_NO_COMMON_BLOCKS = YES;
				GCC_OPTIMIZATION_LEVEL = 0;
				GCC_PREPROCESSOR_DEFINITIONS = (
					"DEBUG=1",
					"$(inherited)",
				);
				GCC_WARN_64_TO_32_BIT_CONVERSION = YES;
				GCC_WARN_ABOUT_RETURN_TYPE = YES_ERROR;
				GCC_WARN_UNDECLARED_SELECTOR = YES;
				GCC_WARN_UNINITIALIZED_AUTOS = YES_AGGRESSIVE;
				GCC_WARN_UNUSED_FUNCTION = YES;
				GCC_WARN_UNUSED_VARIABLE = YES;
				IPHONEOS_DEPLOYMENT_TARGET = 13.1;
				MTL_ENABLE_DEBUG_INFO = INCLUDE_SOURCE;
				MTL_FAST_MATH = YES;
				ONLY_ACTIVE_ARCH = YES;
				SDKROOT = iphoneos;
				SWIFT_ACTIVE_COMPILATION_CONDITIONS = DEBUG;
				SWIFT_OPTIMIZATION_LEVEL = "-Onone";
			};
			name = Debug;
		};
		55ED93A5234D1C7C00809F9B /* Release */ = {
			isa = XCBuildConfiguration;
			buildSettings = {
				ALWAYS_SEARCH_USER_PATHS = NO;
				CLANG_ANALYZER_NONNULL = YES;
				CLANG_ANALYZER_NUMBER_OBJECT_CONVERSION = YES_AGGRESSIVE;
				CLANG_CXX_LANGUAGE_STANDARD = "gnu++14";
				CLANG_CXX_LIBRARY = "libc++";
				CLANG_ENABLE_MODULES = YES;
				CLANG_ENABLE_OBJC_ARC = YES;
				CLANG_ENABLE_OBJC_WEAK = YES;
				CLANG_WARN_BLOCK_CAPTURE_AUTORELEASING = YES;
				CLANG_WARN_BOOL_CONVERSION = YES;
				CLANG_WARN_COMMA = YES;
				CLANG_WARN_CONSTANT_CONVERSION = YES;
				CLANG_WARN_DEPRECATED_OBJC_IMPLEMENTATIONS = YES;
				CLANG_WARN_DIRECT_OBJC_ISA_USAGE = YES_ERROR;
				CLANG_WARN_DOCUMENTATION_COMMENTS = YES;
				CLANG_WARN_EMPTY_BODY = YES;
				CLANG_WARN_ENUM_CONVERSION = YES;
				CLANG_WARN_INFINITE_RECURSION = YES;
				CLANG_WARN_INT_CONVERSION = YES;
				CLANG_WARN_NON_LITERAL_NULL_CONVERSION = YES;
				CLANG_WARN_OBJC_IMPLICIT_RETAIN_SELF = YES;
				CLANG_WARN_OBJC_LITERAL_CONVERSION = YES;
				CLANG_WARN_OBJC_ROOT_CLASS = YES_ERROR;
				CLANG_WARN_RANGE_LOOP_ANALYSIS = YES;
				CLANG_WARN_STRICT_PROTOTYPES = YES;
				CLANG_WARN_SUSPICIOUS_MOVE = YES;
				CLANG_WARN_UNGUARDED_AVAILABILITY = YES_AGGRESSIVE;
				CLANG_WARN_UNREACHABLE_CODE = YES;
				CLANG_WARN__DUPLICATE_METHOD_MATCH = YES;
				COPY_PHASE_STRIP = NO;
				DEBUG_INFORMATION_FORMAT = "dwarf-with-dsym";
				ENABLE_NS_ASSERTIONS = NO;
				ENABLE_STRICT_OBJC_MSGSEND = YES;
				GCC_C_LANGUAGE_STANDARD = gnu11;
				GCC_NO_COMMON_BLOCKS = YES;
				GCC_WARN_64_TO_32_BIT_CONVERSION = YES;
				GCC_WARN_ABOUT_RETURN_TYPE = YES_ERROR;
				GCC_WARN_UNDECLARED_SELECTOR = YES;
				GCC_WARN_UNINITIALIZED_AUTOS = YES_AGGRESSIVE;
				GCC_WARN_UNUSED_FUNCTION = YES;
				GCC_WARN_UNUSED_VARIABLE = YES;
				IPHONEOS_DEPLOYMENT_TARGET = 13.1;
				MTL_ENABLE_DEBUG_INFO = NO;
				MTL_FAST_MATH = YES;
				SDKROOT = iphoneos;
				SWIFT_COMPILATION_MODE = wholemodule;
				SWIFT_OPTIMIZATION_LEVEL = "-O";
				VALIDATE_PRODUCT = YES;
			};
			name = Release;
		};
		55ED93A7234D1C7C00809F9B /* Debug */ = {
			isa = XCBuildConfiguration;
			buildSettings = {
				ASSETCATALOG_COMPILER_APPICON_NAME = AppIcon;
				CODE_SIGN_STYLE = Automatic;
				DEVELOPMENT_ASSET_PATHS = "\"SwiftUi with combine demo/Preview Content\"";
				DEVELOPMENT_TEAM = G3748NUB58;
				ENABLE_PREVIEWS = YES;
				INFOPLIST_FILE = "SwiftUi with combine demo/Info.plist";
				LD_RUNPATH_SEARCH_PATHS = (
					"$(inherited)",
					"@executable_path/Frameworks",
				);
				PRODUCT_BUNDLE_IDENTIFIER = "com.kdtech.SwiftUi-with-combine-demo";
				PRODUCT_NAME = "$(TARGET_NAME)";
				SWIFT_VERSION = 5.0;
				TARGETED_DEVICE_FAMILY = "1,2";
			};
			name = Debug;
		};
		55ED93A8234D1C7C00809F9B /* Release */ = {
			isa = XCBuildConfiguration;
			buildSettings = {
				ASSETCATALOG_COMPILER_APPICON_NAME = AppIcon;
				CODE_SIGN_STYLE = Automatic;
				DEVELOPMENT_ASSET_PATHS = "\"SwiftUi with combine demo/Preview Content\"";
				DEVELOPMENT_TEAM = G3748NUB58;
				ENABLE_PREVIEWS = YES;
				INFOPLIST_FILE = "SwiftUi with combine demo/Info.plist";
				LD_RUNPATH_SEARCH_PATHS = (
					"$(inherited)",
					"@executable_path/Frameworks",
				);
				PRODUCT_BUNDLE_IDENTIFIER = "com.kdtech.SwiftUi-with-combine-demo";
				PRODUCT_NAME = "$(TARGET_NAME)";
				SWIFT_VERSION = 5.0;
				TARGETED_DEVICE_FAMILY = "1,2";
			};
			name = Release;
		};
/* End XCBuildConfiguration section */

/* Begin XCConfigurationList section */
		55ED938D234D1C7B00809F9B /* Build configuration list for PBXProject "SwiftUi with combine demo" */ = {
			isa = XCConfigurationList;
			buildConfigurations = (
				55ED93A4234D1C7C00809F9B /* Debug */,
				55ED93A5234D1C7C00809F9B /* Release */,
			);
			defaultConfigurationIsVisible = 0;
			defaultConfigurationName = Release;
		};
		55ED93A6234D1C7C00809F9B /* Build configuration list for PBXNativeTarget "SwiftUi with combine demo" */ = {
			isa = XCConfigurationList;
			buildConfigurations = (
				55ED93A7234D1C7C00809F9B /* Debug */,
				55ED93A8234D1C7C00809F9B /* Release */,
			);
			defaultConfigurationIsVisible = 0;
			defaultConfigurationName = Release;
		};
/* End XCConfigurationList section */

/* Begin XCRemoteSwiftPackageReference section */
		55ED93B0234D2A2F00809F9B /* XCRemoteSwiftPackageReference "Kingfisher" */ = {
			isa = XCRemoteSwiftPackageReference;
			repositoryURL = "https://github.com/onevcat/Kingfisher.git";
			requirement = {
				kind = upToNextMajorVersion;
				minimumVersion = 5.8.2;
			};
		};
/* End XCRemoteSwiftPackageReference section */

/* Begin XCSwiftPackageProductDependency section */
		55ED93B1234D2A2F00809F9B /* KingfisherSwiftUI */ = {
			isa = XCSwiftPackageProductDependency;
			package = 55ED93B0234D2A2F00809F9B /* XCRemoteSwiftPackageReference "Kingfisher" */;
			productName = KingfisherSwiftUI;
		};
/* End XCSwiftPackageProductDependency section */
	};
	rootObject = 55ED938A234D1C7B00809F9B /* Project object */;
}
